PODS:
  - IGListKitStSt (3.1.1):
    - IGListKitStSt/Default (= 3.1.1)
  - IGListKitStSt/Default (3.1.1):
    - IGListKitStSt/Diffing
  - IGListKitStSt/Diffing (3.1.1)
  - OCMock (3.4)

DEPENDENCIES:
  - IGListKitStSt (from `.`)
  - OCMock (~> 3.0)

SPEC REPOS:
  https://github.com/CocoaPods/Specs.git:
    - OCMock

EXTERNAL SOURCES:
  IGListKitStSt:
    :path: "."

SPEC CHECKSUMS:
  IGListKitStSt: e8c1008f7d93528489ef7d33734652ecf7f682ff
  OCMock: 35ae71d6a8fcc1b59434d561d1520b9dd4f15765

PODFILE CHECKSUM: cb8ec253ec8508bea559b0f93cc49ff2e189ec2d

COCOAPODS: 1.9.1
